// !$*UTF8*$!
{
	archiveVersion = 1;
	classes = {
	};
	objectVersion = 55;
	objects = {

/* Begin PBXBuildFile section */
		DC3EB34D270F50F500B84198 /* GoogleService-Info.plist in Resources */ = {isa = PBXBuildFile; fileRef = DC3EB34C270F50F500B84198 /* GoogleService-Info.plist */; };
		DC85022A270C8A90005B0045 /* AppDelegate.swift in Sources */ = {isa = PBXBuildFile; fileRef = DC850229270C8A90005B0045 /* AppDelegate.swift */; };
		DC85022C270C8A90005B0045 /* SceneDelegate.swift in Sources */ = {isa = PBXBuildFile; fileRef = DC85022B270C8A90005B0045 /* SceneDelegate.swift */; };
		DC85022E270C8A90005B0045 /* WelcomeViewController.swift in Sources */ = {isa = PBXBuildFile; fileRef = DC85022D270C8A90005B0045 /* WelcomeViewController.swift */; };
		DC850231270C8A90005B0045 /* Main.storyboard in Resources */ = {isa = PBXBuildFile; fileRef = DC85022F270C8A90005B0045 /* Main.storyboard */; };
		DC850233270C8A95005B0045 /* Assets.xcassets in Resources */ = {isa = PBXBuildFile; fileRef = DC850232270C8A95005B0045 /* Assets.xcassets */; };
		DC850236270C8A95005B0045 /* LaunchScreen.storyboard in Resources */ = {isa = PBXBuildFile; fileRef = DC850234270C8A95005B0045 /* LaunchScreen.storyboard */; };
		DC850243270CA8EA005B0045 /* RegisterViewController.swift in Sources */ = {isa = PBXBuildFile; fileRef = DC850242270CA8E9005B0045 /* RegisterViewController.swift */; };
		DC850245270CA8FC005B0045 /* LoginViewController.swift in Sources */ = {isa = PBXBuildFile; fileRef = DC850244270CA8FC005B0045 /* LoginViewController.swift */; };
		DC850247270CA90E005B0045 /* ChatViewController.swift in Sources */ = {isa = PBXBuildFile; fileRef = DC850246270CA90E005B0045 /* ChatViewController.swift */; };
		DC866D4A27160981009895FF /* IQKeyboardManagerSwift in Frameworks */ = {isa = PBXBuildFile; productRef = DC866D4927160981009895FF /* IQKeyboardManagerSwift */; };
		DC87AA3827108C150033190B /* Constants.swift in Sources */ = {isa = PBXBuildFile; fileRef = DC87AA3727108C150033190B /* Constants.swift */; };
		DC87AA4D27146D640033190B /* Message.swift in Sources */ = {isa = PBXBuildFile; fileRef = DC87AA4C27146D640033190B /* Message.swift */; };
		DC87AA50271475B90033190B /* MessageCell.swift in Sources */ = {isa = PBXBuildFile; fileRef = DC87AA4E271475B90033190B /* MessageCell.swift */; };
		DC87AA51271475B90033190B /* MessageCell.xib in Resources */ = {isa = PBXBuildFile; fileRef = DC87AA4F271475B90033190B /* MessageCell.xib */; };
		F4A35C158E1B81FC648BE50A /* Pods_MyMassanger.framework in Frameworks */ = {isa = PBXBuildFile; fileRef = 01F64C7F61CC997A66DF68D6 /* Pods_MyMassanger.framework */; };
/* End PBXBuildFile section */

/* Begin PBXFileReference section */
		01F64C7F61CC997A66DF68D6 /* Pods_MyMassanger.framework */ = {isa = PBXFileReference; explicitFileType = wrapper.framework; includeInIndex = 0; path = Pods_MyMassanger.framework; sourceTree = BUILT_PRODUCTS_DIR; };
		5C026183F2F4B933F972017E /* Pods-MyMassanger.release.xcconfig */ = {isa = PBXFileReference; includeInIndex = 1; lastKnownFileType = text.xcconfig; name = "Pods-MyMassanger.release.xcconfig"; path = "Target Support Files/Pods-MyMassanger/Pods-MyMassanger.release.xcconfig"; sourceTree = "<group>"; };
		6DDFE2C1F5B53F2998503DBD /* Pods-MyMassanger.debug.xcconfig */ = {isa = PBXFileReference; includeInIndex = 1; lastKnownFileType = text.xcconfig; name = "Pods-MyMassanger.debug.xcconfig"; path = "Target Support Files/Pods-MyMassanger/Pods-MyMassanger.debug.xcconfig"; sourceTree = "<group>"; };
		DC3EB34C270F50F500B84198 /* GoogleService-Info.plist */ = {isa = PBXFileReference; fileEncoding = 4; lastKnownFileType = text.plist.xml; path = "GoogleService-Info.plist"; sourceTree = "<group>"; };
		DC850226270C8A90005B0045 /* MyMassanger.app */ = {isa = PBXFileReference; explicitFileType = wrapper.application; includeInIndex = 0; path = MyMassanger.app; sourceTree = BUILT_PRODUCTS_DIR; };
		DC850229270C8A90005B0045 /* AppDelegate.swift */ = {isa = PBXFileReference; lastKnownFileType = sourcecode.swift; path = AppDelegate.swift; sourceTree = "<group>"; };
		DC85022B270C8A90005B0045 /* SceneDelegate.swift */ = {isa = PBXFileReference; lastKnownFileType = sourcecode.swift; path = SceneDelegate.swift; sourceTree = "<group>"; };
		DC85022D270C8A90005B0045 /* WelcomeViewController.swift */ = {isa = PBXFileReference; lastKnownFileType = sourcecode.swift; path = WelcomeViewController.swift; sourceTree = "<group>"; };
		DC850230270C8A90005B0045 /* Base */ = {isa = PBXFileReference; lastKnownFileType = file.storyboard; name = Base; path = Base.lproj/Main.storyboard; sourceTree = "<group>"; };
		DC850232270C8A95005B0045 /* Assets.xcassets */ = {isa = PBXFileReference; lastKnownFileType = folder.assetcatalog; path = Assets.xcassets; sourceTree = "<group>"; };
		DC850235270C8A95005B0045 /* Base */ = {isa = PBXFileReference; lastKnownFileType = file.storyboard; name = Base; path = Base.lproj/LaunchScreen.storyboard; sourceTree = "<group>"; };
		DC850237270C8A95005B0045 /* Info.plist */ = {isa = PBXFileReference; lastKnownFileType = text.plist.xml; path = Info.plist; sourceTree = "<group>"; };
		DC850242270CA8E9005B0045 /* RegisterViewController.swift */ = {isa = PBXFileReference; lastKnownFileType = sourcecode.swift; path = RegisterViewController.swift; sourceTree = "<group>"; };
		DC850244270CA8FC005B0045 /* LoginViewController.swift */ = {isa = PBXFileReference; lastKnownFileType = sourcecode.swift; path = LoginViewController.swift; sourceTree = "<group>"; };
		DC850246270CA90E005B0045 /* ChatViewController.swift */ = {isa = PBXFileReference; lastKnownFileType = sourcecode.swift; path = ChatViewController.swift; sourceTree = "<group>"; };
		DC87AA3727108C150033190B /* Constants.swift */ = {isa = PBXFileReference; lastKnownFileType = sourcecode.swift; path = Constants.swift; sourceTree = "<group>"; };
		DC87AA4C27146D640033190B /* Message.swift */ = {isa = PBXFileReference; lastKnownFileType = sourcecode.swift; path = Message.swift; sourceTree = "<group>"; };
		DC87AA4E271475B90033190B /* MessageCell.swift */ = {isa = PBXFileReference; lastKnownFileType = sourcecode.swift; path = MessageCell.swift; sourceTree = "<group>"; };
		DC87AA4F271475B90033190B /* MessageCell.xib */ = {isa = PBXFileReference; lastKnownFileType = file.xib; path = MessageCell.xib; sourceTree = "<group>"; };
/* End PBXFileReference section */

/* Begin PBXFrameworksBuildPhase section */
		DC850223270C8A90005B0045 /* Frameworks */ = {
			isa = PBXFrameworksBuildPhase;
			buildActionMask = 2147483647;
			files = (
				F4A35C158E1B81FC648BE50A /* Pods_MyMassanger.framework in Frameworks */,
				DC866D4A27160981009895FF /* IQKeyboardManagerSwift in Frameworks */,
			);
			runOnlyForDeploymentPostprocessing = 0;
		};
/* End PBXFrameworksBuildPhase section */

/* Begin PBXGroup section */
		0E807D0C88DCD845EFE05677 /* Frameworks */ = {
			isa = PBXGroup;
			children = (
				01F64C7F61CC997A66DF68D6 /* Pods_MyMassanger.framework */,
			);
			name = Frameworks;
			sourceTree = "<group>";
		};
		C78704E52514C548A5D1404F /* Pods */ = {
			isa = PBXGroup;
			children = (
				6DDFE2C1F5B53F2998503DBD /* Pods-MyMassanger.debug.xcconfig */,
				5C026183F2F4B933F972017E /* Pods-MyMassanger.release.xcconfig */,
			);
			path = Pods;
			sourceTree = "<group>";
		};
		DC85021D270C8A90005B0045 = {
			isa = PBXGroup;
			children = (
				DC850228270C8A90005B0045 /* MyMassanger */,
				DC850227270C8A90005B0045 /* Products */,
				C78704E52514C548A5D1404F /* Pods */,
				0E807D0C88DCD845EFE05677 /* Frameworks */,
			);
			sourceTree = "<group>";
		};
		DC850227270C8A90005B0045 /* Products */ = {
			isa = PBXGroup;
			children = (
				DC850226270C8A90005B0045 /* MyMassanger.app */,
			);
			name = Products;
			sourceTree = "<group>";
		};
		DC850228270C8A90005B0045 /* MyMassanger */ = {
			isa = PBXGroup;
			children = (
				DC85023D270C8AAA005B0045 /* Model */,
				DC85023E270C8AB3005B0045 /* View */,
				DC85023F270C8ABA005B0045 /* Controller */,
				DC850229270C8A90005B0045 /* AppDelegate.swift */,
				DC85022B270C8A90005B0045 /* SceneDelegate.swift */,
				DC850232270C8A95005B0045 /* Assets.xcassets */,
				DC850234270C8A95005B0045 /* LaunchScreen.storyboard */,
				DC850237270C8A95005B0045 /* Info.plist */,
				DC3EB34C270F50F500B84198 /* GoogleService-Info.plist */,
				DC87AA3727108C150033190B /* Constants.swift */,
			);
			path = MyMassanger;
			sourceTree = "<group>";
		};
		DC85023D270C8AAA005B0045 /* Model */ = {
			isa = PBXGroup;
			children = (
				DC87AA4C27146D640033190B /* Message.swift */,
			);
			path = Model;
			sourceTree = "<group>";
		};
		DC85023E270C8AB3005B0045 /* View */ = {
			isa = PBXGroup;
			children = (
				DC85022F270C8A90005B0045 /* Main.storyboard */,
				DC87AA4E271475B90033190B /* MessageCell.swift */,
				DC87AA4F271475B90033190B /* MessageCell.xib */,
			);
			path = View;
			sourceTree = "<group>";
		};
		DC85023F270C8ABA005B0045 /* Controller */ = {
			isa = PBXGroup;
			children = (
				DC85022D270C8A90005B0045 /* WelcomeViewController.swift */,
				DC850242270CA8E9005B0045 /* RegisterViewController.swift */,
				DC850244270CA8FC005B0045 /* LoginViewController.swift */,
				DC850246270CA90E005B0045 /* ChatViewController.swift */,
			);
			path = Controller;
			sourceTree = "<group>";
		};
/* End PBXGroup section */

/* Begin PBXNativeTarget section */
		DC850225270C8A90005B0045 /* MyMassanger */ = {
			isa = PBXNativeTarget;
			buildConfigurationList = DC85023A270C8A95005B0045 /* Build configuration list for PBXNativeTarget "MyMassanger" */;
			buildPhases = (
				A7FD8A4073EBAC2B4F15260F /* [CP] Check Pods Manifest.lock */,
				DC850222270C8A90005B0045 /* Sources */,
				DC850223270C8A90005B0045 /* Frameworks */,
				DC850224270C8A90005B0045 /* Resources */,
				148519C6605DCBDE2CC758E1 /* [CP] Embed Pods Frameworks */,
			);
			buildRules = (
			);
			dependencies = (
			);
			name = MyMassanger;
			packageProductDependencies = (
				DC866D4927160981009895FF /* IQKeyboardManagerSwift */,
			);
			productName = MyMassanger;
			productReference = DC850226270C8A90005B0045 /* MyMassanger.app */;
			productType = "com.apple.product-type.application";
		};
/* End PBXNativeTarget section */

/* Begin PBXProject section */
		DC85021E270C8A90005B0045 /* Project object */ = {
			isa = PBXProject;
			attributes = {
				BuildIndependentTargetsInParallel = 1;
				LastSwiftUpdateCheck = 1300;
				LastUpgradeCheck = 1300;
				TargetAttributes = {
					DC850225270C8A90005B0045 = {
						CreatedOnToolsVersion = 13.0;
					};
				};
			};
			buildConfigurationList = DC850221270C8A90005B0045 /* Build configuration list for PBXProject "MyMassanger" */;
			compatibilityVersion = "Xcode 13.0";
			developmentRegion = en;
			hasScannedForEncodings = 0;
			knownRegions = (
				en,
				Base,
			);
			mainGroup = DC85021D270C8A90005B0045;
			packageReferences = (
				DC866D4827160981009895FF /* XCRemoteSwiftPackageReference "IQKeyboardManager" */,
			);
			productRefGroup = DC850227270C8A90005B0045 /* Products */;
			projectDirPath = "";
			projectRoot = "";
			targets = (
				DC850225270C8A90005B0045 /* MyMassanger */,
			);
		};
/* End PBXProject section */

/* Begin PBXResourcesBuildPhase section */
		DC850224270C8A90005B0045 /* Resources */ = {
			isa = PBXResourcesBuildPhase;
			buildActionMask = 2147483647;
			files = (
				DC87AA51271475B90033190B /* MessageCell.xib in Resources */,
				DC850236270C8A95005B0045 /* LaunchScreen.storyboard in Resources */,
				DC3EB34D270F50F500B84198 /* GoogleService-Info.plist in Resources */,
				DC850233270C8A95005B0045 /* Assets.xcassets in Resources */,
				DC850231270C8A90005B0045 /* Main.storyboard in Resources */,
			);
			runOnlyForDeploymentPostprocessing = 0;
		};
/* End PBXResourcesBuildPhase section */

/* Begin PBXShellScriptBuildPhase section */
		148519C6605DCBDE2CC758E1 /* [CP] Embed Pods Frameworks */ = {
			isa = PBXShellScriptBuildPhase;
			buildActionMask = 2147483647;
			files = (
			);
			inputFileListPaths = (
				"${PODS_ROOT}/Target Support Files/Pods-MyMassanger/Pods-MyMassanger-frameworks-${CONFIGURATION}-input-files.xcfilelist",
			);
			name = "[CP] Embed Pods Frameworks";
			outputFileListPaths = (
				"${PODS_ROOT}/Target Support Files/Pods-MyMassanger/Pods-MyMassanger-frameworks-${CONFIGURATION}-output-files.xcfilelist",
			);
			runOnlyForDeploymentPostprocessing = 0;
			shellPath = /bin/sh;
			shellScript = "\"${PODS_ROOT}/Target Support Files/Pods-MyMassanger/Pods-MyMassanger-frameworks.sh\"\n";
			showEnvVarsInLog = 0;
		};
		A7FD8A4073EBAC2B4F15260F /* [CP] Check Pods Manifest.lock */ = {
			isa = PBXShellScriptBuildPhase;
			buildActionMask = 2147483647;
			files = (
			);
			inputFileListPaths = (
			);
			inputPaths = (
				"${PODS_PODFILE_DIR_PATH}/Podfile.lock",
				"${PODS_ROOT}/Manifest.lock",
			);
			name = "[CP] Check Pods Manifest.lock";
			outputFileListPaths = (
			);
			outputPaths = (
				"$(DERIVED_FILE_DIR)/Pods-MyMassanger-checkManifestLockResult.txt",
			);
			runOnlyForDeploymentPostprocessing = 0;
			shellPath = /bin/sh;
			shellScript = "diff \"${PODS_PODFILE_DIR_PATH}/Podfile.lock\" \"${PODS_ROOT}/Manifest.lock\" > /dev/null\nif [ $? != 0 ] ; then\n    # print error to STDERR\n    echo \"error: The sandbox is not in sync with the Podfile.lock. Run 'pod install' or update your CocoaPods installation.\" >&2\n    exit 1\nfi\n# This output is used by Xcode 'outputs' to avoid re-running this script phase.\necho \"SUCCESS\" > \"${SCRIPT_OUTPUT_FILE_0}\"\n";
			showEnvVarsInLog = 0;
		};
/* End PBXShellScriptBuildPhase section */

/* Begin PBXSourcesBuildPhase section */
		DC850222270C8A90005B0045 /* Sources */ = {
			isa = PBXSourcesBuildPhase;
			buildActionMask = 2147483647;
			files = (
				DC85022E270C8A90005B0045 /* WelcomeViewController.swift in Sources */,
				DC85022A270C8A90005B0045 /* AppDelegate.swift in Sources */,
				DC85022C270C8A90005B0045 /* SceneDelegate.swift in Sources */,
				DC850245270CA8FC005B0045 /* LoginViewController.swift in Sources */,
				DC87AA3827108C150033190B /* Constants.swift in Sources */,
				DC87AA4D27146D640033190B /* Message.swift in Sources */,
				DC850247270CA90E005B0045 /* ChatViewController.swift in Sources */,
				DC850243270CA8EA005B0045 /* RegisterViewController.swift in Sources */,
				DC87AA50271475B90033190B /* MessageCell.swift in Sources */,
			);
			runOnlyForDeploymentPostprocessing = 0;
		};
/* End PBXSourcesBuildPhase section */

/* Begin PBXVariantGroup section */
		DC85022F270C8A90005B0045 /* Main.storyboard */ = {
			isa = PBXVariantGroup;
			children = (
				DC850230270C8A90005B0045 /* Base */,
			);
			name = Main.storyboard;
			sourceTree = "<group>";
		};
		DC850234270C8A95005B0045 /* LaunchScreen.storyboard */ = {
			isa = PBXVariantGroup;
			children = (
				DC850235270C8A95005B0045 /* Base */,
			);
			name = LaunchScreen.storyboard;
			sourceTree = "<group>";
		};
/* End PBXVariantGroup section */

/* Begin XCBuildConfiguration section */
		DC850238270C8A95005B0045 /* Debug */ = {
			isa = XCBuildConfiguration;
			buildSettings = {
				ALWAYS_SEARCH_USER_PATHS = NO;
				CLANG_ANALYZER_NONNULL = YES;
				CLANG_ANALYZER_NUMBER_OBJECT_CONVERSION = YES_AGGRESSIVE;
				CLANG_CXX_LANGUAGE_STANDARD = "gnu++17";
				CLANG_CXX_LIBRARY = "libc++";
				CLANG_ENABLE_MODULES = YES;
				CLANG_ENABLE_OBJC_ARC = YES;
				CLANG_ENABLE_OBJC_WEAK = YES;
				CLANG_WARN_BLOCK_CAPTURE_AUTORELEASING = YES;
				CLANG_WARN_BOOL_CONVERSION = YES;
				CLANG_WARN_COMMA = YES;
				CLANG_WARN_CONSTANT_CONVERSION = YES;
				CLANG_WARN_DEPRECATED_OBJC_IMPLEMENTATIONS = YES;
				CLANG_WARN_DIRECT_OBJC_ISA_USAGE = YES_ERROR;
				CLANG_WARN_DOCUMENTATION_COMMENTS = YES;
				CLANG_WARN_EMPTY_BODY = YES;
				CLANG_WARN_ENUM_CONVERSION = YES;
				CLANG_WARN_INFINITE_RECURSION = YES;
				CLANG_WARN_INT_CONVERSION = YES;
				CLANG_WARN_NON_LITERAL_NULL_CONVERSION = YES;
				CLANG_WARN_OBJC_IMPLICIT_RETAIN_SELF = YES;
				CLANG_WARN_OBJC_LITERAL_CONVERSION = YES;
				CLANG_WARN_OBJC_ROOT_CLASS = YES_ERROR;
				CLANG_WARN_QUOTED_INCLUDE_IN_FRAMEWORK_HEADER = YES;
				CLANG_WARN_RANGE_LOOP_ANALYSIS = YES;
				CLANG_WARN_STRICT_PROTOTYPES = YES;
				CLANG_WARN_SUSPICIOUS_MOVE = YES;
				CLANG_WARN_UNGUARDED_AVAILABILITY = YES_AGGRESSIVE;
				CLANG_WARN_UNREACHABLE_CODE = YES;
				CLANG_WARN__DUPLICATE_METHOD_MATCH = YES;
				COPY_PHASE_STRIP = NO;
				DEBUG_INFORMATION_FORMAT = dwarf;
				ENABLE_STRICT_OBJC_MSGSEND = YES;
				ENABLE_TESTABILITY = YES;
				GCC_C_LANGUAGE_STANDARD = gnu11;
				GCC_DYNAMIC_NO_PIC = NO;
				GCC_NO_COMMON_BLOCKS = YES;
				GCC_OPTIMIZATION_LEVEL = 0;
				GCC_PREPROCESSOR_DEFINITIONS = (
					"DEBUG=1",
					"$(inherited)",
				);
				GCC_WARN_64_TO_32_BIT_CONVERSION = YES;
				GCC_WARN_ABOUT_RETURN_TYPE = YES_ERROR;
				GCC_WARN_UNDECLARED_SELECTOR = YES;
				GCC_WARN_UNINITIALIZED_AUTOS = YES_AGGRESSIVE;
				GCC_WARN_UNUSED_FUNCTION = YES;
				GCC_WARN_UNUSED_VARIABLE = YES;
				IPHONEOS_DEPLOYMENT_TARGET = 12.0;
				MTL_ENABLE_DEBUG_INFO = INCLUDE_SOURCE;
				MTL_FAST_MATH = YES;
				ONLY_ACTIVE_ARCH = YES;
				SDKROOT = iphoneos;
				SWIFT_ACTIVE_COMPILATION_CONDITIONS = DEBUG;
				SWIFT_OPTIMIZATION_LEVEL = "-Onone";
			};
			name = Debug;
		};
		DC850239270C8A95005B0045 /* Release */ = {
			isa = XCBuildConfiguration;
			buildSettings = {
				ALWAYS_SEARCH_USER_PATHS = NO;
				CLANG_ANALYZER_NONNULL = YES;
				CLANG_ANALYZER_NUMBER_OBJECT_CONVERSION = YES_AGGRESSIVE;
				CLANG_CXX_LANGUAGE_STANDARD = "gnu++17";
				CLANG_CXX_LIBRARY = "libc++";
				CLANG_ENABLE_MODULES = YES;
				CLANG_ENABLE_OBJC_ARC = YES;
				CLANG_ENABLE_OBJC_WEAK = YES;
				CLANG_WARN_BLOCK_CAPTURE_AUTORELEASING = YES;
				CLANG_WARN_BOOL_CONVERSION = YES;
				CLANG_WARN_COMMA = YES;
				CLANG_WARN_CONSTANT_CONVERSION = YES;
				CLANG_WARN_DEPRECATED_OBJC_IMPLEMENTATIONS = YES;
				CLANG_WARN_DIRECT_OBJC_ISA_USAGE = YES_ERROR;
				CLANG_WARN_DOCUMENTATION_COMMENTS = YES;
				CLANG_WARN_EMPTY_BODY = YES;
				CLANG_WARN_ENUM_CONVERSION = YES;
				CLANG_WARN_INFINITE_RECURSION = YES;
				CLANG_WARN_INT_CONVERSION = YES;
				CLANG_WARN_NON_LITERAL_NULL_CONVERSION = YES;
				CLANG_WARN_OBJC_IMPLICIT_RETAIN_SELF = YES;
				CLANG_WARN_OBJC_LITERAL_CONVERSION = YES;
				CLANG_WARN_OBJC_ROOT_CLASS = YES_ERROR;
				CLANG_WARN_QUOTED_INCLUDE_IN_FRAMEWORK_HEADER = YES;
				CLANG_WARN_RANGE_LOOP_ANALYSIS = YES;
				CLANG_WARN_STRICT_PROTOTYPES = YES;
				CLANG_WARN_SUSPICIOUS_MOVE = YES;
				CLANG_WARN_UNGUARDED_AVAILABILITY = YES_AGGRESSIVE;
				CLANG_WARN_UNREACHABLE_CODE = YES;
				CLANG_WARN__DUPLICATE_METHOD_MATCH = YES;
				COPY_PHASE_STRIP = NO;
				DEBUG_INFORMATION_FORMAT = "dwarf-with-dsym";
				ENABLE_NS_ASSERTIONS = NO;
				ENABLE_STRICT_OBJC_MSGSEND = YES;
				GCC_C_LANGUAGE_STANDARD = gnu11;
				GCC_NO_COMMON_BLOCKS = YES;
				GCC_WARN_64_TO_32_BIT_CONVERSION = YES;
				GCC_WARN_ABOUT_RETURN_TYPE = YES_ERROR;
				GCC_WARN_UNDECLARED_SELECTOR = YES;
				GCC_WARN_UNINITIALIZED_AUTOS = YES_AGGRESSIVE;
				GCC_WARN_UNUSED_FUNCTION = YES;
				GCC_WARN_UNUSED_VARIABLE = YES;
				IPHONEOS_DEPLOYMENT_TARGET = 12.0;
				MTL_ENABLE_DEBUG_INFO = NO;
				MTL_FAST_MATH = YES;
				SDKROOT = iphoneos;
				SWIFT_COMPILATION_MODE = wholemodule;
				SWIFT_OPTIMIZATION_LEVEL = "-O";
				VALIDATE_PRODUCT = YES;
			};
			name = Release;
		};
		DC85023B270C8A95005B0045 /* Debug */ = {
			isa = XCBuildConfiguration;
			baseConfigurationReference = 6DDFE2C1F5B53F2998503DBD /* Pods-MyMassanger.debug.xcconfig */;
			buildSettings = {
				ASSETCATALOG_COMPILER_APPICON_NAME = AppIcon;
				ASSETCATALOG_COMPILER_GLOBAL_ACCENT_COLOR_NAME = AccentColor;
				CODE_SIGN_STYLE = Automatic;
				CURRENT_PROJECT_VERSION = 1;
				DEVELOPMENT_TEAM = H7H9P2C2C5;
				GENERATE_INFOPLIST_FILE = YES;
				INFOPLIST_FILE = MyMassanger/Info.plist;
				INFOPLIST_KEY_UIApplicationSupportsIndirectInputEvents = YES;
				INFOPLIST_KEY_UILaunchStoryboardName = LaunchScreen;
				INFOPLIST_KEY_UIMainStoryboardFile = Main;
				INFOPLIST_KEY_UISupportedInterfaceOrientations_iPad = "UIInterfaceOrientationPortrait UIInterfaceOrientationPortraitUpsideDown UIInterfaceOrientationLandscapeLeft UIInterfaceOrientationLandscapeRight";
				INFOPLIST_KEY_UISupportedInterfaceOrientations_iPhone = "UIInterfaceOrientationPortrait UIInterfaceOrientationLandscapeLeft UIInterfaceOrientationLandscapeRight";
				IPHONEOS_DEPLOYMENT_TARGET = 13.0;
				LD_RUNPATH_SEARCH_PATHS = (
					"$(inherited)",
					"@executable_path/Frameworks",
				);
				MARKETING_VERSION = 1.0;
				PRODUCT_BUNDLE_IDENTIFIER = "Egor-Tushev.MyMassanger";
				PRODUCT_NAME = "$(TARGET_NAME)";
				SWIFT_EMIT_LOC_STRINGS = YES;
				SWIFT_VERSION = 5.0;
				TARGETED_DEVICE_FAMILY = "1,2";
			};
			name = Debug;
		};
		DC85023C270C8A95005B0045 /* Release */ = {
			isa = XCBuildConfiguration;
			baseConfigurationReference = 5C026183F2F4B933F972017E /* Pods-MyMassanger.release.xcconfig */;
			buildSettings = {
				ASSETCATALOG_COMPILER_APPICON_NAME = AppIcon;
				ASSETCATALOG_COMPILER_GLOBAL_ACCENT_COLOR_NAME = AccentColor;
				CODE_SIGN_STYLE = Automatic;
				CURRENT_PROJECT_VERSION = 1;
				DEVELOPMENT_TEAM = H7H9P2C2C5;
				GENERATE_INFOPLIST_FILE = YES;
				INFOPLIST_FILE = MyMassanger/Info.plist;
				INFOPLIST_KEY_UIApplicationSupportsIndirectInputEvents = YES;
				INFOPLIST_KEY_UILaunchStoryboardName = LaunchScreen;
				INFOPLIST_KEY_UIMainStoryboardFile = Main;
				INFOPLIST_KEY_UISupportedInterfaceOrientations_iPad = "UIInterfaceOrientationPortrait UIInterfaceOrientationPortraitUpsideDown UIInterfaceOrientationLandscapeLeft UIInterfaceOrientationLandscapeRight";
				INFOPLIST_KEY_UISupportedInterfaceOrientations_iPhone = "UIInterfaceOrientationPortrait UIInterfaceOrientationLandscapeLeft UIInterfaceOrientationLandscapeRight";
				IPHONEOS_DEPLOYMENT_TARGET = 13.0;
				LD_RUNPATH_SEARCH_PATHS = (
					"$(inherited)",
					"@executable_path/Frameworks",
				);
				MARKETING_VERSION = 1.0;
				PRODUCT_BUNDLE_IDENTIFIER = "Egor-Tushev.MyMassanger";
				PRODUCT_NAME = "$(TARGET_NAME)";
				SWIFT_EMIT_LOC_STRINGS = YES;
				SWIFT_VERSION = 5.0;
				TARGETED_DEVICE_FAMILY = "1,2";
			};
			name = Release;
		};
/* End XCBuildConfiguration section */

/* Begin XCConfigurationList section */
		DC850221270C8A90005B0045 /* Build configuration list for PBXProject "MyMassanger" */ = {
			isa = XCConfigurationList;
			buildConfigurations = (
				DC850238270C8A95005B0045 /* Debug */,
				DC850239270C8A95005B0045 /* Release */,
			);
			defaultConfigurationIsVisible = 0;
			defaultConfigurationName = Release;
		};
		DC85023A270C8A95005B0045 /* Build configuration list for PBXNativeTarget "MyMassanger" */ = {
			isa = XCConfigurationList;
			buildConfigurations = (
				DC85023B270C8A95005B0045 /* Debug */,
				DC85023C270C8A95005B0045 /* Release */,
			);
			defaultConfigurationIsVisible = 0;
			defaultConfigurationName = Release;
		};
/* End XCConfigurationList section */

/* Begin XCRemoteSwiftPackageReference section */
		DC866D4827160981009895FF /* XCRemoteSwiftPackageReference "IQKeyboardManager" */ = {
			isa = XCRemoteSwiftPackageReference;
			repositoryURL = "https://github.com/hackiftekhar/IQKeyboardManager";
			requirement = {
				kind = upToNextMajorVersion;
				minimumVersion = 6.5.6;
			};
		};
/* End XCRemoteSwiftPackageReference section */

/* Begin XCSwiftPackageProductDependency section */
		DC866D4927160981009895FF /* IQKeyboardManagerSwift */ = {
			isa = XCSwiftPackageProductDependency;
			package = DC866D4827160981009895FF /* XCRemoteSwiftPackageReference "IQKeyboardManager" */;
			productName = IQKeyboardManagerSwift;
		};
/* End XCSwiftPackageProductDependency section */
	};
	rootObject = DC85021E270C8A90005B0045 /* Project object */;
}
